// !$*UTF8*$!
{
	archiveVersion = 1;
	classes = {
	};
	objectVersion = 56;
	objects = {

/* Begin PBXBuildFile section */
		88FFCE712AFE1C1300EFE23E /* Memory2App.swift in Sources */ = {isa = PBXBuildFile; fileRef = 88FFCE702AFE1C1300EFE23E /* Memory2App.swift */; };
		88FFCE732AFE1C1300EFE23E /* ContentView.swift in Sources */ = {isa = PBXBuildFile; fileRef = 88FFCE722AFE1C1300EFE23E /* ContentView.swift */; };
		88FFCE752AFE1C1C00EFE23E /* Assets.xcassets in Resources */ = {isa = PBXBuildFile; fileRef = 88FFCE742AFE1C1C00EFE23E /* Assets.xcassets */; };
		88FFCE782AFE1C1C00EFE23E /* Preview Assets.xcassets in Resources */ = {isa = PBXBuildFile; fileRef = 88FFCE772AFE1C1C00EFE23E /* Preview Assets.xcassets */; };
		88FFCE822AFE1C1C00EFE23E /* Memory2Tests.swift in Sources */ = {isa = PBXBuildFile; fileRef = 88FFCE812AFE1C1C00EFE23E /* Memory2Tests.swift */; };
		88FFCE8C2AFE1C1C00EFE23E /* Memory2UITests.swift in Sources */ = {isa = PBXBuildFile; fileRef = 88FFCE8B2AFE1C1C00EFE23E /* Memory2UITests.swift */; };
		88FFCE8E2AFE1C1C00EFE23E /* Memory2UITestsLaunchTests.swift in Sources */ = {isa = PBXBuildFile; fileRef = 88FFCE8D2AFE1C1C00EFE23E /* Memory2UITestsLaunchTests.swift */; };
/* End PBXBuildFile section */

/* Begin PBXContainerItemProxy section */
		88FFCE7E2AFE1C1C00EFE23E /* PBXContainerItemProxy */ = {
			isa = PBXContainerItemProxy;
			containerPortal = 88FFCE652AFE1C1300EFE23E /* Project object */;
			proxyType = 1;
			remoteGlobalIDString = 88FFCE6C2AFE1C1300EFE23E;
			remoteInfo = Memory2;
		};
		88FFCE882AFE1C1C00EFE23E /* PBXContainerItemProxy */ = {
			isa = PBXContainerItemProxy;
			containerPortal = 88FFCE652AFE1C1300EFE23E /* Project object */;
			proxyType = 1;
			remoteGlobalIDString = 88FFCE6C2AFE1C1300EFE23E;
			remoteInfo = Memory2;
		};
/* End PBXContainerItemProxy section */

/* Begin PBXFileReference section */
		88FFCE6D2AFE1C1300EFE23E /* Memory2.app */ = {isa = PBXFileReference; explicitFileType = wrapper.application; includeInIndex = 0; path = Memory2.app; sourceTree = BUILT_PRODUCTS_DIR; };
		88FFCE702AFE1C1300EFE23E /* Memory2App.swift */ = {isa = PBXFileReference; lastKnownFileType = sourcecode.swift; path = Memory2App.swift; sourceTree = "<group>"; };
		88FFCE722AFE1C1300EFE23E /* ContentView.swift */ = {isa = PBXFileReference; lastKnownFileType = sourcecode.swift; path = ContentView.swift; sourceTree = "<group>"; };
		88FFCE742AFE1C1C00EFE23E /* Assets.xcassets */ = {isa = PBXFileReference; lastKnownFileType = folder.assetcatalog; path = Assets.xcassets; sourceTree = "<group>"; };
		88FFCE772AFE1C1C00EFE23E /* Preview Assets.xcassets */ = {isa = PBXFileReference; lastKnownFileType = folder.assetcatalog; path = "Preview Assets.xcassets"; sourceTree = "<group>"; };
		88FFCE7D2AFE1C1C00EFE23E /* Memory2Tests.xctest */ = {isa = PBXFileReference; explicitFileType = wrapper.cfbundle; includeInIndex = 0; path = Memory2Tests.xctest; sourceTree = BUILT_PRODUCTS_DIR; };
		88FFCE812AFE1C1C00EFE23E /* Memory2Tests.swift */ = {isa = PBXFileReference; lastKnownFileType = sourcecode.swift; path = Memory2Tests.swift; sourceTree = "<group>"; };
		88FFCE872AFE1C1C00EFE23E /* Memory2UITests.xctest */ = {isa = PBXFileReference; explicitFileType = wrapper.cfbundle; includeInIndex = 0; path = Memory2UITests.xctest; sourceTree = BUILT_PRODUCTS_DIR; };
		88FFCE8B2AFE1C1C00EFE23E /* Memory2UITests.swift */ = {isa = PBXFileReference; lastKnownFileType = sourcecode.swift; path = Memory2UITests.swift; sourceTree = "<group>"; };
		88FFCE8D2AFE1C1C00EFE23E /* Memory2UITestsLaunchTests.swift */ = {isa = PBXFileReference; lastKnownFileType = sourcecode.swift; path = Memory2UITestsLaunchTests.swift; sourceTree = "<group>"; };
/* End PBXFileReference section */

/* Begin PBXFrameworksBuildPhase section */
		88FFCE6A2AFE1C1300EFE23E /* Frameworks */ = {
			isa = PBXFrameworksBuildPhase;
			buildActionMask = 2147483647;
			files = (
			);
			runOnlyForDeploymentPostprocessing = 0;
		};
		88FFCE7A2AFE1C1C00EFE23E /* Frameworks */ = {
			isa = PBXFrameworksBuildPhase;
			buildActionMask = 2147483647;
			files = (
			);
			runOnlyForDeploymentPostprocessing = 0;
		};
		88FFCE842AFE1C1C00EFE23E /* Frameworks */ = {
			isa = PBXFrameworksBuildPhase;
			buildActionMask = 2147483647;
			files = (
			);
			runOnlyForDeploymentPostprocessing = 0;
		};
/* End PBXFrameworksBuildPhase section */

/* Begin PBXGroup section */
		88FFCE642AFE1C1300EFE23E = {
			isa = PBXGroup;
			children = (
				88FFCE6F2AFE1C1300EFE23E /* Memory2 */,
				88FFCE802AFE1C1C00EFE23E /* Memory2Tests */,
				88FFCE8A2AFE1C1C00EFE23E /* Memory2UITests */,
				88FFCE6E2AFE1C1300EFE23E /* Products */,
			);
			sourceTree = "<group>";
		};
		88FFCE6E2AFE1C1300EFE23E /* Products */ = {
			isa = PBXGroup;
			children = (
				88FFCE6D2AFE1C1300EFE23E /* Memory2.app */,
				88FFCE7D2AFE1C1C00EFE23E /* Memory2Tests.xctest */,
				88FFCE872AFE1C1C00EFE23E /* Memory2UITests.xctest */,
			);
			name = Products;
			sourceTree = "<group>";
		};
		88FFCE6F2AFE1C1300EFE23E /* Memory2 */ = {
			isa = PBXGroup;
			children = (
				88FFCE702AFE1C1300EFE23E /* Memory2App.swift */,
				88FFCE722AFE1C1300EFE23E /* ContentView.swift */,
				88FFCE742AFE1C1C00EFE23E /* Assets.xcassets */,
				88FFCE762AFE1C1C00EFE23E /* Preview Content */,
			);
			path = Memory2;
			sourceTree = "<group>";
		};
		88FFCE762AFE1C1C00EFE23E /* Preview Content */ = {
			isa = PBXGroup;
			children = (
				88FFCE772AFE1C1C00EFE23E /* Preview Assets.xcassets */,
			);
			path = "Preview Content";
			sourceTree = "<group>";
		};
		88FFCE802AFE1C1C00EFE23E /* Memory2Tests */ = {
			isa = PBXGroup;
			children = (
				88FFCE812AFE1C1C00EFE23E /* Memory2Tests.swift */,
			);
			path = Memory2Tests;
			sourceTree = "<group>";
		};
		88FFCE8A2AFE1C1C00EFE23E /* Memory2UITests */ = {
			isa = PBXGroup;
			children = (
				88FFCE8B2AFE1C1C00EFE23E /* Memory2UITests.swift */,
				88FFCE8D2AFE1C1C00EFE23E /* Memory2UITestsLaunchTests.swift */,
			);
			path = Memory2UITests;
			sourceTree = "<group>";
		};
/* End PBXGroup section */

/* Begin PBXNativeTarget section */
		88FFCE6C2AFE1C1300EFE23E /* Memory2 */ = {
			isa = PBXNativeTarget;
			buildConfigurationList = 88FFCE912AFE1C1C00EFE23E /* Build configuration list for PBXNativeTarget "Memory2" */;
			buildPhases = (
				88FFCE692AFE1C1300EFE23E /* Sources */,
				88FFCE6A2AFE1C1300EFE23E /* Frameworks */,
				88FFCE6B2AFE1C1300EFE23E /* Resources */,
			);
			buildRules = (
			);
			dependencies = (
			);
			name = Memory2;
			productName = Memory2;
			productReference = 88FFCE6D2AFE1C1300EFE23E /* Memory2.app */;
			productType = "com.apple.product-type.application";
		};
		88FFCE7C2AFE1C1C00EFE23E /* Memory2Tests */ = {
			isa = PBXNativeTarget;
			buildConfigurationList = 88FFCE942AFE1C1C00EFE23E /* Build configuration list for PBXNativeTarget "Memory2Tests" */;
			buildPhases = (
				88FFCE792AFE1C1C00EFE23E /* Sources */,
				88FFCE7A2AFE1C1C00EFE23E /* Frameworks */,
				88FFCE7B2AFE1C1C00EFE23E /* Resources */,
			);
			buildRules = (
			);
			dependencies = (
				88FFCE7F2AFE1C1C00EFE23E /* PBXTargetDependency */,
			);
			name = Memory2Tests;
			productName = Memory2Tests;
			productReference = 88FFCE7D2AFE1C1C00EFE23E /* Memory2Tests.xctest */;
			productType = "com.apple.product-type.bundle.unit-test";
		};
		88FFCE862AFE1C1C00EFE23E /* Memory2UITests */ = {
			isa = PBXNativeTarget;
			buildConfigurationList = 88FFCE972AFE1C1C00EFE23E /* Build configuration list for PBXNativeTarget "Memory2UITests" */;
			buildPhases = (
				88FFCE832AFE1C1C00EFE23E /* Sources */,
				88FFCE842AFE1C1C00EFE23E /* Frameworks */,
				88FFCE852AFE1C1C00EFE23E /* Resources */,
			);
			buildRules = (
			);
			dependencies = (
				88FFCE892AFE1C1C00EFE23E /* PBXTargetDependency */,
			);
			name = Memory2UITests;
			productName = Memory2UITests;
			productReference = 88FFCE872AFE1C1C00EFE23E /* Memory2UITests.xctest */;
			productType = "com.apple.product-type.bundle.ui-testing";
		};
/* End PBXNativeTarget section */

/* Begin PBXProject section */
		88FFCE652AFE1C1300EFE23E /* Project object */ = {
			isa = PBXProject;
			attributes = {
				BuildIndependentTargetsInParallel = 1;
				LastSwiftUpdateCheck = 1500;
				LastUpgradeCheck = 1500;
				TargetAttributes = {
					88FFCE6C2AFE1C1300EFE23E = {
						CreatedOnToolsVersion = 15.0.1;
					};
					88FFCE7C2AFE1C1C00EFE23E = {
						CreatedOnToolsVersion = 15.0.1;
						TestTargetID = 88FFCE6C2AFE1C1300EFE23E;
					};
					88FFCE862AFE1C1C00EFE23E = {
						CreatedOnToolsVersion = 15.0.1;
						TestTargetID = 88FFCE6C2AFE1C1300EFE23E;
					};
				};
			};
			buildConfigurationList = 88FFCE682AFE1C1300EFE23E /* Build configuration list for PBXProject "Memory2" */;
			compatibilityVersion = "Xcode 14.0";
			developmentRegion = en;
			hasScannedForEncodings = 0;
			knownRegions = (
				en,
				Base,
			);
			mainGroup = 88FFCE642AFE1C1300EFE23E;
			productRefGroup = 88FFCE6E2AFE1C1300EFE23E /* Products */;
			projectDirPath = "";
			projectRoot = "";
			targets = (
				88FFCE6C2AFE1C1300EFE23E /* Memory2 */,
				88FFCE7C2AFE1C1C00EFE23E /* Memory2Tests */,
				88FFCE862AFE1C1C00EFE23E /* Memory2UITests */,
			);
		};
/* End PBXProject section */

/* Begin PBXResourcesBuildPhase section */
		88FFCE6B2AFE1C1300EFE23E /* Resources */ = {
			isa = PBXResourcesBuildPhase;
			buildActionMask = 2147483647;
			files = (
				88FFCE782AFE1C1C00EFE23E /* Preview Assets.xcassets in Resources */,
				88FFCE752AFE1C1C00EFE23E /* Assets.xcassets in Resources */,
			);
			runOnlyForDeploymentPostprocessing = 0;
		};
		88FFCE7B2AFE1C1C00EFE23E /* Resources */ = {
			isa = PBXResourcesBuildPhase;
			buildActionMask = 2147483647;
			files = (
			);
			runOnlyForDeploymentPostprocessing = 0;
		};
		88FFCE852AFE1C1C00EFE23E /* Resources */ = {
			isa = PBXResourcesBuildPhase;
			buildActionMask = 2147483647;
			files = (
			);
			runOnlyForDeploymentPostprocessing = 0;
		};
/* End PBXResourcesBuildPhase section */

/* Begin PBXSourcesBuildPhase section */
		88FFCE692AFE1C1300EFE23E /* Sources */ = {
			isa = PBXSourcesBuildPhase;
			buildActionMask = 2147483647;
			files = (
				88FFCE732AFE1C1300EFE23E /* ContentView.swift in Sources */,
				88FFCE712AFE1C1300EFE23E /* Memory2App.swift in Sources */,
			);
			runOnlyForDeploymentPostprocessing = 0;
		};
		88FFCE792AFE1C1C00EFE23E /* Sources */ = {
			isa = PBXSourcesBuildPhase;
			buildActionMask = 2147483647;
			files = (
				88FFCE822AFE1C1C00EFE23E /* Memory2Tests.swift in Sources */,
			);
			runOnlyForDeploymentPostprocessing = 0;
		};
		88FFCE832AFE1C1C00EFE23E /* Sources */ = {
			isa = PBXSourcesBuildPhase;
			buildActionMask = 2147483647;
			files = (
				88FFCE8E2AFE1C1C00EFE23E /* Memory2UITestsLaunchTests.swift in Sources */,
				88FFCE8C2AFE1C1C00EFE23E /* Memory2UITests.swift in Sources */,
			);
			runOnlyForDeploymentPostprocessing = 0;
		};
/* End PBXSourcesBuildPhase section */

/* Begin PBXTargetDependency section */
		88FFCE7F2AFE1C1C00EFE23E /* PBXTargetDependency */ = {
			isa = PBXTargetDependency;
			target = 88FFCE6C2AFE1C1300EFE23E /* Memory2 */;
			targetProxy = 88FFCE7E2AFE1C1C00EFE23E /* PBXContainerItemProxy */;
		};
		88FFCE892AFE1C1C00EFE23E /* PBXTargetDependency */ = {
			isa = PBXTargetDependency;
			target = 88FFCE6C2AFE1C1300EFE23E /* Memory2 */;
			targetProxy = 88FFCE882AFE1C1C00EFE23E /* PBXContainerItemProxy */;
		};
/* End PBXTargetDependency section */

/* Begin XCBuildConfiguration section */
		88FFCE8F2AFE1C1C00EFE23E /* Debug */ = {
			isa = XCBuildConfiguration;
			buildSettings = {
				ALWAYS_SEARCH_USER_PATHS = NO;
				ASSETCATALOG_COMPILER_GENERATE_SWIFT_ASSET_SYMBOL_EXTENSIONS = YES;
				CLANG_ANALYZER_NONNULL = YES;
				CLANG_ANALYZER_NUMBER_OBJECT_CONVERSION = YES_AGGRESSIVE;
				CLANG_CXX_LANGUAGE_STANDARD = "gnu++20";
				CLANG_ENABLE_MODULES = YES;
				CLANG_ENABLE_OBJC_ARC = YES;
				CLANG_ENABLE_OBJC_WEAK = YES;
				CLANG_WARN_BLOCK_CAPTURE_AUTORELEASING = YES;
				CLANG_WARN_BOOL_CONVERSION = YES;
				CLANG_WARN_COMMA = YES;
				CLANG_WARN_CONSTANT_CONVERSION = YES;
				CLANG_WARN_DEPRECATED_OBJC_IMPLEMENTATIONS = YES;
				CLANG_WARN_DIRECT_OBJC_ISA_USAGE = YES_ERROR;
				CLANG_WARN_DOCUMENTATION_COMMENTS = YES;
				CLANG_WARN_EMPTY_BODY = YES;
				CLANG_WARN_ENUM_CONVERSION = YES;
				CLANG_WARN_INFINITE_RECURSION = YES;
				CLANG_WARN_INT_CONVERSION = YES;
				CLANG_WARN_NON_LITERAL_NULL_CONVERSION = YES;
				CLANG_WARN_OBJC_IMPLICIT_RETAIN_SELF = YES;
				CLANG_WARN_OBJC_LITERAL_CONVERSION = YES;
				CLANG_WARN_OBJC_ROOT_CLASS = YES_ERROR;
				CLANG_WARN_QUOTED_INCLUDE_IN_FRAMEWORK_HEADER = YES;
				CLANG_WARN_RANGE_LOOP_ANALYSIS = YES;
				CLANG_WARN_STRICT_PROTOTYPES = YES;
				CLANG_WARN_SUSPICIOUS_MOVE = YES;
				CLANG_WARN_UNGUARDED_AVAILABILITY = YES_AGGRESSIVE;
				CLANG_WARN_UNREACHABLE_CODE = YES;
				CLANG_WARN__DUPLICATE_METHOD_MATCH = YES;
				COPY_PHASE_STRIP = NO;
				DEBUG_INFORMATION_FORMAT = dwarf;
				ENABLE_STRICT_OBJC_MSGSEND = YES;
				ENABLE_TESTABILITY = YES;
				ENABLE_USER_SCRIPT_SANDBOXING = YES;
				GCC_C_LANGUAGE_STANDARD = gnu17;
				GCC_DYNAMIC_NO_PIC = NO;
				GCC_NO_COMMON_BLOCKS = YES;
				GCC_OPTIMIZATION_LEVEL = 0;
				GCC_PREPROCESSOR_DEFINITIONS = (
					"DEBUG=1",
					"$(inherited)",
				);
				GCC_WARN_64_TO_32_BIT_CONVERSION = YES;
				GCC_WARN_ABOUT_RETURN_TYPE = YES_ERROR;
				GCC_WARN_UNDECLARED_SELECTOR = YES;
				GCC_WARN_UNINITIALIZED_AUTOS = YES_AGGRESSIVE;
				GCC_WARN_UNUSED_FUNCTION = YES;
				GCC_WARN_UNUSED_VARIABLE = YES;
				IPHONEOS_DEPLOYMENT_TARGET = 17.0;
				LOCALIZATION_PREFERS_STRING_CATALOGS = YES;
				MTL_ENABLE_DEBUG_INFO = INCLUDE_SOURCE;
				MTL_FAST_MATH = YES;
				ONLY_ACTIVE_ARCH = YES;
				SDKROOT = iphoneos;
				SWIFT_ACTIVE_COMPILATION_CONDITIONS = "DEBUG $(inherited)";
				SWIFT_OPTIMIZATION_LEVEL = "-Onone";
			};
			name = Debug;
		};
		88FFCE902AFE1C1C00EFE23E /* Release */ = {
			isa = XCBuildConfiguration;
			buildSettings = {
				ALWAYS_SEARCH_USER_PATHS = NO;
				ASSETCATALOG_COMPILER_GENERATE_SWIFT_ASSET_SYMBOL_EXTENSIONS = YES;
				CLANG_ANALYZER_NONNULL = YES;
				CLANG_ANALYZER_NUMBER_OBJECT_CONVERSION = YES_AGGRESSIVE;
				CLANG_CXX_LANGUAGE_STANDARD = "gnu++20";
				CLANG_ENABLE_MODULES = YES;
				CLANG_ENABLE_OBJC_ARC = YES;
				CLANG_ENABLE_OBJC_WEAK = YES;
				CLANG_WARN_BLOCK_CAPTURE_AUTORELEASING = YES;
				CLANG_WARN_BOOL_CONVERSION = YES;
				CLANG_WARN_COMMA = YES;
				CLANG_WARN_CONSTANT_CONVERSION = YES;
				CLANG_WARN_DEPRECATED_OBJC_IMPLEMENTATIONS = YES;
				CLANG_WARN_DIRECT_OBJC_ISA_USAGE = YES_ERROR;
				CLANG_WARN_DOCUMENTATION_COMMENTS = YES;
				CLANG_WARN_EMPTY_BODY = YES;
				CLANG_WARN_ENUM_CONVERSION = YES;
				CLANG_WARN_INFINITE_RECURSION = YES;
				CLANG_WARN_INT_CONVERSION = YES;
				CLANG_WARN_NON_LITERAL_NULL_CONVERSION = YES;
				CLANG_WARN_OBJC_IMPLICIT_RETAIN_SELF = YES;
				CLANG_WARN_OBJC_LITERAL_CONVERSION = YES;
				CLANG_WARN_OBJC_ROOT_CLASS = YES_ERROR;
				CLANG_WARN_QUOTED_INCLUDE_IN_FRAMEWORK_HEADER = YES;
				CLANG_WARN_RANGE_LOOP_ANALYSIS = YES;
				CLANG_WARN_STRICT_PROTOTYPES = YES;
				CLANG_WARN_SUSPICIOUS_MOVE = YES;
				CLANG_WARN_UNGUARDED_AVAILABILITY = YES_AGGRESSIVE;
				CLANG_WARN_UNREACHABLE_CODE = YES;
				CLANG_WARN__DUPLICATE_METHOD_MATCH = YES;
				COPY_PHASE_STRIP = NO;
				DEBUG_INFORMATION_FORMAT = "dwarf-with-dsym";
				ENABLE_NS_ASSERTIONS = NO;
				ENABLE_STRICT_OBJC_MSGSEND = YES;
				ENABLE_USER_SCRIPT_SANDBOXING = YES;
				GCC_C_LANGUAGE_STANDARD = gnu17;
				GCC_NO_COMMON_BLOCKS = YES;
				GCC_WARN_64_TO_32_BIT_CONVERSION = YES;
				GCC_WARN_ABOUT_RETURN_TYPE = YES_ERROR;
				GCC_WARN_UNDECLARED_SELECTOR = YES;
				GCC_WARN_UNINITIALIZED_AUTOS = YES_AGGRESSIVE;
				GCC_WARN_UNUSED_FUNCTION = YES;
				GCC_WARN_UNUSED_VARIABLE = YES;
				IPHONEOS_DEPLOYMENT_TARGET = 17.0;
				LOCALIZATION_PREFERS_STRING_CATALOGS = YES;
				MTL_ENABLE_DEBUG_INFO = NO;
				MTL_FAST_MATH = YES;
				SDKROOT = iphoneos;
				SWIFT_COMPILATION_MODE = wholemodule;
				VALIDATE_PRODUCT = YES;
			};
			name = Release;
		};
		88FFCE922AFE1C1C00EFE23E /* Debug */ = {
			isa = XCBuildConfiguration;
			buildSettings = {
				ASSETCATALOG_COMPILER_APPICON_NAME = AppIcon;
				ASSETCATALOG_COMPILER_GLOBAL_ACCENT_COLOR_NAME = AccentColor;
				CODE_SIGN_STYLE = Automatic;
				CURRENT_PROJECT_VERSION = 1;
				DEVELOPMENT_ASSET_PATHS = "\"Memory2/Preview Content\"";
				ENABLE_PREVIEWS = YES;
				GENERATE_INFOPLIST_FILE = YES;
				INFOPLIST_KEY_UIApplicationSceneManifest_Generation = YES;
				INFOPLIST_KEY_UIApplicationSupportsIndirectInputEvents = YES;
				INFOPLIST_KEY_UILaunchScreen_Generation = YES;
				INFOPLIST_KEY_UISupportedInterfaceOrientations_iPad = "UIInterfaceOrientationPortrait UIInterfaceOrientationPortraitUpsideDown UIInterfaceOrientationLandscapeLeft UIInterfaceOrientationLandscapeRight";
				INFOPLIST_KEY_UISupportedInterfaceOrientations_iPhone = "UIInterfaceOrientationPortrait UIInterfaceOrientationLandscapeLeft UIInterfaceOrientationLandscapeRight";
				LD_RUNPATH_SEARCH_PATHS = (
					"$(inherited)",
					"@executable_path/Frameworks",
				);
				MARKETING_VERSION = 1.0;
				PRODUCT_BUNDLE_IDENTIFIER = "htl-wels.Memory2";
				PRODUCT_NAME = "$(TARGET_NAME)";
				SWIFT_EMIT_LOC_STRINGS = YES;
				SWIFT_VERSION = 5.0;
				TARGETED_DEVICE_FAMILY = "1,2";
			};
			name = Debug;
		};
		88FFCE932AFE1C1C00EFE23E /* Release */ = {
			isa = XCBuildConfiguration;
			buildSettings = {
				ASSETCATALOG_COMPILER_APPICON_NAME = AppIcon;
				ASSETCATALOG_COMPILER_GLOBAL_ACCENT_COLOR_NAME = AccentColor;
				CODE_SIGN_STYLE = Automatic;
				CURRENT_PROJECT_VERSION = 1;
				DEVELOPMENT_ASSET_PATHS = "\"Memory2/Preview Content\"";
				ENABLE_PREVIEWS = YES;
				GENERATE_INFOPLIST_FILE = YES;
				INFOPLIST_KEY_UIApplicationSceneManifest_Generation = YES;
				INFOPLIST_KEY_UIApplicationSupportsIndirectInputEvents = YES;
				INFOPLIST_KEY_UILaunchScreen_Generation = YES;
				INFOPLIST_KEY_UISupportedInterfaceOrientations_iPad = "UIInterfaceOrientationPortrait UIInterfaceOrientationPortraitUpsideDown UIInterfaceOrientationLandscapeLeft UIInterfaceOrientationLandscapeRight";
				INFOPLIST_KEY_UISupportedInterfaceOrientations_iPhone = "UIInterfaceOrientationPortrait UIInterfaceOrientationLandscapeLeft UIInterfaceOrientationLandscapeRight";
				LD_RUNPATH_SEARCH_PATHS = (
					"$(inherited)",
					"@executable_path/Frameworks",
				);
				MARKETING_VERSION = 1.0;
				PRODUCT_BUNDLE_IDENTIFIER = "htl-wels.Memory2";
				PRODUCT_NAME = "$(TARGET_NAME)";
				SWIFT_EMIT_LOC_STRINGS = YES;
				SWIFT_VERSION = 5.0;
				TARGETED_DEVICE_FAMILY = "1,2";
			};
			name = Release;
		};
		88FFCE952AFE1C1C00EFE23E /* Debug */ = {
			isa = XCBuildConfiguration;
			buildSettings = {
				ALWAYS_EMBED_SWIFT_STANDARD_LIBRARIES = YES;
				BUNDLE_LOADER = "$(TEST_HOST)";
				CODE_SIGN_STYLE = Automatic;
				CURRENT_PROJECT_VERSION = 1;
				GENERATE_INFOPLIST_FILE = YES;
				IPHONEOS_DEPLOYMENT_TARGET = 17.0;
				MARKETING_VERSION = 1.0;
				PRODUCT_BUNDLE_IDENTIFIER = "htl-wels.Memory2Tests";
				PRODUCT_NAME = "$(TARGET_NAME)";
				SWIFT_EMIT_LOC_STRINGS = NO;
				SWIFT_VERSION = 5.0;
				TARGETED_DEVICE_FAMILY = "1,2";
				TEST_HOST = "$(BUILT_PRODUCTS_DIR)/Memory2.app/$(BUNDLE_EXECUTABLE_FOLDER_PATH)/Memory2";
			};
			name = Debug;
		};
		88FFCE962AFE1C1C00EFE23E /* Release */ = {
			isa = XCBuildConfiguration;
			buildSettings = {
				ALWAYS_EMBED_SWIFT_STANDARD_LIBRARIES = YES;
				BUNDLE_LOADER = "$(TEST_HOST)";
				CODE_SIGN_STYLE = Automatic;
				CURRENT_PROJECT_VERSION = 1;
				GENERATE_INFOPLIST_FILE = YES;
				IPHONEOS_DEPLOYMENT_TARGET = 17.0;
				MARKETING_VERSION = 1.0;
				PRODUCT_BUNDLE_IDENTIFIER = "htl-wels.Memory2Tests";
				PRODUCT_NAME = "$(TARGET_NAME)";
				SWIFT_EMIT_LOC_STRINGS = NO;
				SWIFT_VERSION = 5.0;
				TARGETED_DEVICE_FAMILY = "1,2";
				TEST_HOST = "$(BUILT_PRODUCTS_DIR)/Memory2.app/$(BUNDLE_EXECUTABLE_FOLDER_PATH)/Memory2";
			};
			name = Release;
		};
		88FFCE982AFE1C1C00EFE23E /* Debug */ = {
			isa = XCBuildConfiguration;
			buildSettings = {
				ALWAYS_EMBED_SWIFT_STANDARD_LIBRARIES = YES;
				CODE_SIGN_STYLE = Automatic;
				CURRENT_PROJECT_VERSION = 1;
				GENERATE_INFOPLIST_FILE = YES;
				MARKETING_VERSION = 1.0;
				PRODUCT_BUNDLE_IDENTIFIER = "htl-wels.Memory2UITests";
				PRODUCT_NAME = "$(TARGET_NAME)";
				SWIFT_EMIT_LOC_STRINGS = NO;
				SWIFT_VERSION = 5.0;
				TARGETED_DEVICE_FAMILY = "1,2";
				TEST_TARGET_NAME = Memory2;
			};
			name = Debug;
		};
		88FFCE992AFE1C1C00EFE23E /* Release */ = {
			isa = XCBuildConfiguration;
			buildSettings = {
				ALWAYS_EMBED_SWIFT_STANDARD_LIBRARIES = YES;
				CODE_SIGN_STYLE = Automatic;
				CURRENT_PROJECT_VERSION = 1;
				GENERATE_INFOPLIST_FILE = YES;
				MARKETING_VERSION = 1.0;
				PRODUCT_BUNDLE_IDENTIFIER = "htl-wels.Memory2UITests";
				PRODUCT_NAME = "$(TARGET_NAME)";
				SWIFT_EMIT_LOC_STRINGS = NO;
				SWIFT_VERSION = 5.0;
				TARGETED_DEVICE_FAMILY = "1,2";
				TEST_TARGET_NAME = Memory2;
			};
			name = Release;
		};
/* End XCBuildConfiguration section */

/* Begin XCConfigurationList section */
		88FFCE682AFE1C1300EFE23E /* Build configuration list for PBXProject "Memory2" */ = {
			isa = XCConfigurationList;
			buildConfigurations = (
				88FFCE8F2AFE1C1C00EFE23E /* Debug */,
				88FFCE902AFE1C1C00EFE23E /* Release */,
			);
			defaultConfigurationIsVisible = 0;
			defaultConfigurationName = Release;
		};
		88FFCE912AFE1C1C00EFE23E /* Build configuration list for PBXNativeTarget "Memory2" */ = {
			isa = XCConfigurationList;
			buildConfigurations = (
				88FFCE922AFE1C1C00EFE23E /* Debug */,
				88FFCE932AFE1C1C00EFE23E /* Release */,
			);
			defaultConfigurationIsVisible = 0;
			defaultConfigurationName = Release;
		};
		88FFCE942AFE1C1C00EFE23E /* Build configuration list for PBXNativeTarget "Memory2Tests" */ = {
			isa = XCConfigurationList;
			buildConfigurations = (
				88FFCE952AFE1C1C00EFE23E /* Debug */,
				88FFCE962AFE1C1C00EFE23E /* Release */,
			);
			defaultConfigurationIsVisible = 0;
			defaultConfigurationName = Release;
		};
		88FFCE972AFE1C1C00EFE23E /* Build configuration list for PBXNativeTarget "Memory2UITests" */ = {
			isa = XCConfigurationList;
			buildConfigurations = (
				88FFCE982AFE1C1C00EFE23E /* Debug */,
				88FFCE992AFE1C1C00EFE23E /* Release */,
			);
			defaultConfigurationIsVisible = 0;
			defaultConfigurationName = Release;
		};
/* End XCConfigurationList section */
	};
	rootObject = 88FFCE652AFE1C1300EFE23E /* Project object */;
}
